
Microsoft Visual Studio Solution File, Format Version 12.00
# Visual Studio 15
VisualStudioVersion = 15.0.27004.2008
MinimumVisualStudioVersion = 10.0.40219.1
Project("{9A19103F-16F7-4668-BE54-9A1E7A4F7556}") = "WolfGamesWebSite", "WolfGamesWebSite\WolfGamesWebSite.csproj", "{4D9FF43D-0A8E-40CA-A80D-5BC21F0AE88C}"
	ProjectSection(ProjectDependencies) = postProject
		{06346242-C84C-403E-BB83-66CEF04F5286} = {06346242-C84C-403E-BB83-66CEF04F5286}
		{333DEEAA-8436-4639-B4FB-D404D11E1373} = {333DEEAA-8436-4639-B4FB-D404D11E1373}
	EndProjectSection
EndProject
Project("{9A19103F-16F7-4668-BE54-9A1E7A4F7556}") = "WolfGamesWebSite.XUnitTestSuite", "WolfGamesWebSite.XUnitTestSuite\WolfGamesWebSite.XUnitTestSuite.csproj", "{0F32790F-3B3C-4765-B3F9-AA007D98D5A0}"
	ProjectSection(ProjectDependencies) = postProject
		{4D9FF43D-0A8E-40CA-A80D-5BC21F0AE88C} = {4D9FF43D-0A8E-40CA-A80D-5BC21F0AE88C}
		{06346242-C84C-403E-BB83-66CEF04F5286} = {06346242-C84C-403E-BB83-66CEF04F5286}
		{333DEEAA-8436-4639-B4FB-D404D11E1373} = {333DEEAA-8436-4639-B4FB-D404D11E1373}
	EndProjectSection
EndProject
Project("{9A19103F-16F7-4668-BE54-9A1E7A4F7556}") = "WolfGamesWebSite.DAL", "WolfGamesWebSite.DAL\WolfGamesWebSite.DAL.csproj", "{333DEEAA-8436-4639-B4FB-D404D11E1373}"
EndProject
Project("{9A19103F-16F7-4668-BE54-9A1E7A4F7556}") = "WolfGamesWebSite.DAL.XUnitTestSuite", "WolfGamesWebSite.DAL.XUnitTestSuite\WolfGamesWebSite.DAL.XUnitTestSuite.csproj", "{06346242-C84C-403E-BB83-66CEF04F5286}"
	ProjectSection(ProjectDependencies) = postProject
		{333DEEAA-8436-4639-B4FB-D404D11E1373} = {333DEEAA-8436-4639-B4FB-D404D11E1373}
	EndProjectSection
EndProject
Project("{FAE04EC0-301F-11D3-BF4B-00C04F79EFBC}") = "WGMarbleMotionAPI", "WGMarbleMotionAPI\WGMarbleMotionAPI.csproj", "{FCADB435-1D4B-447B-90F3-35902E4AFFE3}"
EndProject
Project("{FAE04EC0-301F-11D3-BF4B-00C04F79EFBC}") = "WGMarbleMotionAPI.XUnitTestSuite", "WGMarbleMotionAPI.XUnitTestSuite\WGMarbleMotionAPI.XUnitTestSuite.csproj", "{7362AC4B-C371-458E-8E3D-198901464F39}"
EndProject
Global
	GlobalSection(SolutionConfigurationPlatforms) = preSolution
		Debug|Any CPU = Debug|Any CPU
		Release|Any CPU = Release|Any CPU
	EndGlobalSection
	GlobalSection(ProjectConfigurationPlatforms) = postSolution
		{4D9FF43D-0A8E-40CA-A80D-5BC21F0AE88C}.Debug|Any CPU.ActiveCfg = Debug|Any CPU
		{4D9FF43D-0A8E-40CA-A80D-5BC21F0AE88C}.Debug|Any CPU.Build.0 = Debug|Any CPU
		{4D9FF43D-0A8E-40CA-A80D-5BC21F0AE88C}.Release|Any CPU.ActiveCfg = Release|Any CPU
		{4D9FF43D-0A8E-40CA-A80D-5BC21F0AE88C}.Release|Any CPU.Build.0 = Release|Any CPU
		{0F32790F-3B3C-4765-B3F9-AA007D98D5A0}.Debug|Any CPU.ActiveCfg = Debug|Any CPU
		{0F32790F-3B3C-4765-B3F9-AA007D98D5A0}.Debug|Any CPU.Build.0 = Debug|Any CPU
		{0F32790F-3B3C-4765-B3F9-AA007D98D5A0}.Release|Any CPU.ActiveCfg = Release|Any CPU
		{0F32790F-3B3C-4765-B3F9-AA007D98D5A0}.Release|Any CPU.Build.0 = Release|Any CPU
		{333DEEAA-8436-4639-B4FB-D404D11E1373}.Debug|Any CPU.ActiveCfg = Debug|Any CPU
		{333DEEAA-8436-4639-B4FB-D404D11E1373}.Debug|Any CPU.Build.0 = Debug|Any CPU
		{333DEEAA-8436-4639-B4FB-D404D11E1373}.Release|Any CPU.ActiveCfg = Release|Any CPU
		{333DEEAA-8436-4639-B4FB-D404D11E1373}.Release|Any CPU.Build.0 = Release|Any CPU
		{06346242-C84C-403E-BB83-66CEF04F5286}.Debug|Any CPU.ActiveCfg = Debug|Any CPU
		{06346242-C84C-403E-BB83-66CEF04F5286}.Debug|Any CPU.Build.0 = Debug|Any CPU
		{06346242-C84C-403E-BB83-66CEF04F5286}.Release|Any CPU.ActiveCfg = Release|Any CPU
		{06346242-C84C-403E-BB83-66CEF04F5286}.Release|Any CPU.Build.0 = Release|Any CPU
		{FCADB435-1D4B-447B-90F3-35902E4AFFE3}.Debug|Any CPU.ActiveCfg = Debug|Any CPU
		{FCADB435-1D4B-447B-90F3-35902E4AFFE3}.Debug|Any CPU.Build.0 = Debug|Any CPU
		{FCADB435-1D4B-447B-90F3-35902E4AFFE3}.Release|Any CPU.ActiveCfg = Release|Any CPU
		{FCADB435-1D4B-447B-90F3-35902E4AFFE3}.Release|Any CPU.Build.0 = Release|Any CPU
		{7362AC4B-C371-458E-8E3D-198901464F39}.Debug|Any CPU.ActiveCfg = Debug|Any CPU
		{7362AC4B-C371-458E-8E3D-198901464F39}.Debug|Any CPU.Build.0 = Debug|Any CPU
		{7362AC4B-C371-458E-8E3D-198901464F39}.Release|Any CPU.ActiveCfg = Release|Any CPU
		{7362AC4B-C371-458E-8E3D-198901464F39}.Release|Any CPU.Build.0 = Release|Any CPU
	EndGlobalSection
	GlobalSection(SolutionProperties) = preSolution
		HideSolutionNode = FALSE
	EndGlobalSection
	GlobalSection(ExtensibilityGlobals) = postSolution
		SolutionGuid = {E04E29C8-923E-4048-AF70-7C1DD56F8B62}
	EndGlobalSection
EndGlobal
